PODS:
  - Flutter (1.0.0)
  - MJExtension (3.4.2)
  - sud_gip_plugin (0.0.2):
    - Flutter
    - MJExtension (~> 3.4.1)
    - SudGIP-pro (~> 1.6.5)
  - SudGIP-pro (1.6.5)

DEPENDENCIES:
  - Flutter (from `Flutter`)
  - sud_gip_plugin (from `.symlinks/plugins/sud_gip_plugin/ios`)

SPEC REPOS:
  trunk:
    - MJExtension
    - SudGIP-pro

EXTERNAL SOURCES:
  Flutter:
    :path: Flutter
  sud_gip_plugin:
    :path: ".symlinks/plugins/sud_gip_plugin/ios"

SPEC CHECKSUMS:
  Flutter: cabc95a1d2626b1b06e7179b784ebcf0c0cde467
  MJExtension: e97d164cb411aa9795cf576093a1fa208b4a8dd8
  sud_gip_plugin: ab328e66fd85cc2353b05538af58fa896ad7d96b
  SudGIP-pro: 3974e18bbb1bb8a87bbee0c38a8a087d80e6d999

PODFILE CHECKSUM: 442e3453ba0dd6d885578e468909d9eb7690ac8a

COCOAPODS: 1.15.2
